// !$*UTF8*$!
{
	archiveVersion = 1;
	classes = {
	};
	objectVersion = 46;
	objects = {

/* Begin PBXBuildFile section */
		722D2AC816807BE2001F9465 /* PrimitiveExample.c in Sources */ = {isa = PBXBuildFile; fileRef = 722D2AC616807BE2001F9465 /* PrimitiveExample.c */; };
		722D2AD01680C729001F9465 /* SpriteExample.c in Sources */ = {isa = PBXBuildFile; fileRef = 722D2ACD1680C64A001F9465 /* SpriteExample.c */; };
		722D2ADD16817FED001F9465 /* FontAndLabelExample.c in Sources */ = {isa = PBXBuildFile; fileRef = 722D2ADB16817F19001F9465 /* FontAndLabelExample.c */; };
		722D2AE216819EFD001F9465 /* KLLogo.c in Sources */ = {isa = PBXBuildFile; fileRef = 722D2ADE16819D8E001F9465 /* KLLogo.c */; };
		722D2AE316819F04001F9465 /* FirstScene.c in Sources */ = {isa = PBXBuildFile; fileRef = 722D2AE016819DA1001F9465 /* FirstScene.c */; };
		722D2AED1681A3BE001F9465 /* example.bmp in Resources */ = {isa = PBXBuildFile; fileRef = 722D2AE51681A3BE001F9465 /* example.bmp */; };
		722D2AEE1681A3BE001F9465 /* example.gif in Resources */ = {isa = PBXBuildFile; fileRef = 722D2AE61681A3BE001F9465 /* example.gif */; };
		722D2AEF1681A3BE001F9465 /* example.jpg in Resources */ = {isa = PBXBuildFile; fileRef = 722D2AE71681A3BE001F9465 /* example.jpg */; };
		722D2AF01681A3BE001F9465 /* example.png in Resources */ = {isa = PBXBuildFile; fileRef = 722D2AE81681A3BE001F9465 /* example.png */; };
		722D2AF11681A3BE001F9465 /* klib.png in Resources */ = {isa = PBXBuildFile; fileRef = 722D2AE91681A3BE001F9465 /* klib.png */; };
		722D2AF21681A3BE001F9465 /* powerup10.mp3 in Resources */ = {isa = PBXBuildFile; fileRef = 722D2AEB1681A3BE001F9465 /* powerup10.mp3 */; };
		722D2AF31681A3BE001F9465 /* tm2r_bom27_a.wav in Resources */ = {isa = PBXBuildFile; fileRef = 722D2AEC1681A3BE001F9465 /* tm2r_bom27_a.wav */; };
		722D2AF61681C866001F9465 /* SoundExample.c in Sources */ = {isa = PBXBuildFile; fileRef = 722D2AF41681BFE9001F9465 /* SoundExample.c */; };
		722D2AF91681DEC3001F9465 /* bgm_maoudamashii_cyber07.mp3 in Resources */ = {isa = PBXBuildFile; fileRef = 722D2AF81681DEC3001F9465 /* bgm_maoudamashii_cyber07.mp3 */; };
		722D2AFC1681EC9B001F9465 /* ObjContainerExample.c in Sources */ = {isa = PBXBuildFile; fileRef = 722D2AFA1681E912001F9465 /* ObjContainerExample.c */; };
		722D2AFF16821603001F9465 /* DeviceExample.c in Sources */ = {isa = PBXBuildFile; fileRef = 722D2AFD168215A9001F9465 /* DeviceExample.c */; };
		722D2B0216821DA2001F9465 /* TouchExample.c in Sources */ = {isa = PBXBuildFile; fileRef = 722D2B0016821CEA001F9465 /* TouchExample.c */; };
		72878577167DA24E001EC5AD /* UIKit.framework in Frameworks */ = {isa = PBXBuildFile; fileRef = 72878576167DA24E001EC5AD /* UIKit.framework */; };
		72878579167DA24E001EC5AD /* Foundation.framework in Frameworks */ = {isa = PBXBuildFile; fileRef = 72878578167DA24E001EC5AD /* Foundation.framework */; };
		7287857B167DA24E001EC5AD /* CoreGraphics.framework in Frameworks */ = {isa = PBXBuildFile; fileRef = 7287857A167DA24E001EC5AD /* CoreGraphics.framework */; };
		7287857F167DA24E001EC5AD /* OpenGLES.framework in Frameworks */ = {isa = PBXBuildFile; fileRef = 7287857E167DA24E001EC5AD /* OpenGLES.framework */; };
		72878585167DA24E001EC5AD /* InfoPlist.strings in Resources */ = {isa = PBXBuildFile; fileRef = 72878583167DA24E001EC5AD /* InfoPlist.strings */; };
		72878587167DA24E001EC5AD /* main.m in Sources */ = {isa = PBXBuildFile; fileRef = 72878586167DA24E001EC5AD /* main.m */; };
		7287858B167DA24E001EC5AD /* AppDelegate.m in Sources */ = {isa = PBXBuildFile; fileRef = 7287858A167DA24E001EC5AD /* AppDelegate.m */; };
		7287858D167DA24E001EC5AD /* Default.png in Resources */ = {isa = PBXBuildFile; fileRef = 7287858C167DA24E001EC5AD /* Default.png */; };
		7287858F167DA24F001EC5AD /* Default@2x.png in Resources */ = {isa = PBXBuildFile; fileRef = 7287858E167DA24F001EC5AD /* Default@2x.png */; };
		72878591167DA24F001EC5AD /* Default-568h@2x.png in Resources */ = {isa = PBXBuildFile; fileRef = 72878590167DA24F001EC5AD /* Default-568h@2x.png */; };
		72878598167DA24F001EC5AD /* ViewController.m in Sources */ = {isa = PBXBuildFile; fileRef = 72878597167DA24F001EC5AD /* ViewController.m */; };
		728785A7167DA9AC001EC5AD /* AudioToolbox.framework in Frameworks */ = {isa = PBXBuildFile; fileRef = 728785A1167DA9AC001EC5AD /* AudioToolbox.framework */; };
		728785A8167DA9AC001EC5AD /* CoreFoundation.framework in Frameworks */ = {isa = PBXBuildFile; fileRef = 728785A2167DA9AC001EC5AD /* CoreFoundation.framework */; };
		728785A9167DA9AC001EC5AD /* GameKit.framework in Frameworks */ = {isa = PBXBuildFile; fileRef = 728785A3167DA9AC001EC5AD /* GameKit.framework */; };
		728785AA167DA9AC001EC5AD /* OpenAL.framework in Frameworks */ = {isa = PBXBuildFile; fileRef = 728785A4167DA9AC001EC5AD /* OpenAL.framework */; };
		728785AB167DA9AC001EC5AD /* Security.framework in Frameworks */ = {isa = PBXBuildFile; fileRef = 728785A5167DA9AC001EC5AD /* Security.framework */; };
		728785AC167DA9AC001EC5AD /* SystemConfiguration.framework in Frameworks */ = {isa = PBXBuildFile; fileRef = 728785A6167DA9AC001EC5AD /* SystemConfiguration.framework */; };
		72878635167DACBA001EC5AD /* KLibDelegate.m in Sources */ = {isa = PBXBuildFile; fileRef = 728785B0167DACB9001EC5AD /* KLibDelegate.m */; };
		72878636167DACBA001EC5AD /* KLDevice.c in Sources */ = {isa = PBXBuildFile; fileRef = 728785B2167DACB9001EC5AD /* KLDevice.c */; };
		72878637167DACBA001EC5AD /* KLTouch.c in Sources */ = {isa = PBXBuildFile; fileRef = 728785B4167DACB9001EC5AD /* KLTouch.c */; };
		72878638167DACBA001EC5AD /* KLDrawQueue.c in Sources */ = {isa = PBXBuildFile; fileRef = 728785B7167DACB9001EC5AD /* KLDrawQueue.c */; };
		72878639167DACBA001EC5AD /* KLFont.c in Sources */ = {isa = PBXBuildFile; fileRef = 728785B9167DACB9001EC5AD /* KLFont.c */; };
		7287863A167DACBA001EC5AD /* KLibView.m in Sources */ = {isa = PBXBuildFile; fileRef = 728785BC167DACB9001EC5AD /* KLibView.m */; };
		7287863B167DACBA001EC5AD /* KLLabel.c in Sources */ = {isa = PBXBuildFile; fileRef = 728785BD167DACB9001EC5AD /* KLLabel.c */; };
		7287863C167DACBA001EC5AD /* KLMatrix.c in Sources */ = {isa = PBXBuildFile; fileRef = 728785BF167DACB9001EC5AD /* KLMatrix.c */; };
		7287863D167DACBA001EC5AD /* KLScreen.c in Sources */ = {isa = PBXBuildFile; fileRef = 728785C1167DACB9001EC5AD /* KLScreen.c */; };
		7287863E167DACBA001EC5AD /* KLGL.c in Sources */ = {isa = PBXBuildFile; fileRef = 728785C4167DACB9001EC5AD /* KLGL.c */; };
		7287863F167DACBA001EC5AD /* KLSprite.c in Sources */ = {isa = PBXBuildFile; fileRef = 728785C6167DACB9001EC5AD /* KLSprite.c */; };
		72878640167DACBA001EC5AD /* KLTexture.c in Sources */ = {isa = PBXBuildFile; fileRef = 728785C8167DACB9001EC5AD /* KLTexture.c */; };
		72878641167DACBA001EC5AD /* KLSLdefault.fc in Resources */ = {isa = PBXBuildFile; fileRef = 728785CC167DACB9001EC5AD /* KLSLdefault.fc */; };
		72878642167DACBA001EC5AD /* KLSLdefault.vc in Resources */ = {isa = PBXBuildFile; fileRef = 728785CD167DACB9001EC5AD /* KLSLdefault.vc */; };
		72878643167DACBA001EC5AD /* KLFile.m in Sources */ = {isa = PBXBuildFile; fileRef = 728785D0167DACB9001EC5AD /* KLFile.m */; };
		72878644167DACBA001EC5AD /* KLGameCenterDelegate.m in Sources */ = {isa = PBXBuildFile; fileRef = 728785D3167DACB9001EC5AD /* KLGameCenterDelegate.m */; };
		72878645167DACBA001EC5AD /* KLInAppPurchase.m in Sources */ = {isa = PBXBuildFile; fileRef = 728785D6167DACB9001EC5AD /* KLInAppPurchase.m */; };
		72878646167DACBA001EC5AD /* KLib.c in Sources */ = {isa = PBXBuildFile; fileRef = 728785D8167DACB9001EC5AD /* KLib.c */; };
		72878647167DACBA001EC5AD /* KLList.c in Sources */ = {isa = PBXBuildFile; fileRef = 728785DC167DACB9001EC5AD /* KLList.c */; };
		72878648167DACBA001EC5AD /* KLBlock.c in Sources */ = {isa = PBXBuildFile; fileRef = 728785DF167DACB9001EC5AD /* KLBlock.c */; };
		72878649167DACBA001EC5AD /* KLHeapDebug.c in Sources */ = {isa = PBXBuildFile; fileRef = 728785E1167DACB9001EC5AD /* KLHeapDebug.c */; };
		7287864A167DACBA001EC5AD /* KLNetwork.c in Sources */ = {isa = PBXBuildFile; fileRef = 728785E4167DACB9001EC5AD /* KLNetwork.c */; };
		7287864B167DACBA001EC5AD /* KLContainer.c in Sources */ = {isa = PBXBuildFile; fileRef = 728785E7167DACB9001EC5AD /* KLContainer.c */; };
		7287864C167DACBA001EC5AD /* KLObj.c in Sources */ = {isa = PBXBuildFile; fileRef = 728785E8167DACB9001EC5AD /* KLObj.c */; };
		7287864D167DACBA001EC5AD /* KLScene.c in Sources */ = {isa = PBXBuildFile; fileRef = 728785EB167DACB9001EC5AD /* KLScene.c */; };
		7287864E167DACBA001EC5AD /* KLAL.c in Sources */ = {isa = PBXBuildFile; fileRef = 728785EE167DACB9001EC5AD /* KLAL.c */; };
		7287864F167DACBA001EC5AD /* KLRecorder.c in Sources */ = {isa = PBXBuildFile; fileRef = 728785F0167DACB9001EC5AD /* KLRecorder.c */; };
		72878650167DACBA001EC5AD /* KLString.c in Sources */ = {isa = PBXBuildFile; fileRef = 728785F3167DACB9001EC5AD /* KLString.c */; };
		72878656167DACBA001EC5AD /* LKKeychain.m in Sources */ = {isa = PBXBuildFile; fileRef = 72878602167DACB9001EC5AD /* LKKeychain.m */; };
		7287865A167DACBA001EC5AD /* README.md in Resources */ = {isa = PBXBuildFile; fileRef = 7287860D167DACBA001EC5AD /* README.md */; };
		7287865B167DACBA001EC5AD /* stb_image.c in Sources */ = {isa = PBXBuildFile; fileRef = 7287860F167DACBA001EC5AD /* stb_image.c */; };
		7287865C167DACBA001EC5AD /* KLBench.c in Sources */ = {isa = PBXBuildFile; fileRef = 72878617167DACBA001EC5AD /* KLBench.c */; };
		7287865D167DACBA001EC5AD /* KLHit.c in Sources */ = {isa = PBXBuildFile; fileRef = 7287861A167DACBA001EC5AD /* KLHit.c */; };
		7287865E167DACBA001EC5AD /* KLMath.c in Sources */ = {isa = PBXBuildFile; fileRef = 7287861D167DACBA001EC5AD /* KLMath.c */; };
		7287865F167DACBA001EC5AD /* KLMover.c in Sources */ = {isa = PBXBuildFile; fileRef = 72878620167DACBA001EC5AD /* KLMover.c */; };
		72878660167DACBA001EC5AD /* KLRandom.c in Sources */ = {isa = PBXBuildFile; fileRef = 72878623167DACBA001EC5AD /* KLRandom.c */; };
		72878661167DACBA001EC5AD /* KLScaler.c in Sources */ = {isa = PBXBuildFile; fileRef = 72878626167DACBA001EC5AD /* KLScaler.c */; };
		72878662167DACBA001EC5AD /* KLScroll.c in Sources */ = {isa = PBXBuildFile; fileRef = 72878629167DACBA001EC5AD /* KLScroll.c */; };
		72878663167DACBA001EC5AD /* KLSort.c in Sources */ = {isa = PBXBuildFile; fileRef = 7287862C167DACBA001EC5AD /* KLSort.c */; };
		72878664167DACBA001EC5AD /* KLUUID.c in Sources */ = {isa = PBXBuildFile; fileRef = 7287862F167DACBA001EC5AD /* KLUUID.c */; };
		72878677167E087A001EC5AD /* StoreKit.framework in Frameworks */ = {isa = PBXBuildFile; fileRef = 72878676167E0879001EC5AD /* StoreKit.framework */; };
		72878683167E22F8001EC5AD /* QuartzCore.framework in Frameworks */ = {isa = PBXBuildFile; fileRef = 72878682167E22F8001EC5AD /* QuartzCore.framework */; };
		728D90A5167F1DEC002B3320 /* CoreText.framework in Frameworks */ = {isa = PBXBuildFile; fileRef = 728D90A4167F1DEC002B3320 /* CoreText.framework */; };
/* End PBXBuildFile section */

/* Begin PBXFileReference section */
		722D2AC616807BE2001F9465 /* PrimitiveExample.c */ = {isa = PBXFileReference; fileEncoding = 4; lastKnownFileType = sourcecode.c.c; path = PrimitiveExample.c; sourceTree = "<group>"; };
		722D2AC716807BE2001F9465 /* PrimitiveExample.h */ = {isa = PBXFileReference; fileEncoding = 4; lastKnownFileType = sourcecode.c.h; path = PrimitiveExample.h; sourceTree = "<group>"; };
		722D2ACD1680C64A001F9465 /* SpriteExample.c */ = {isa = PBXFileReference; lastKnownFileType = sourcecode.c.c; path = SpriteExample.c; sourceTree = "<group>"; };
		722D2ACE1680C64A001F9465 /* SpriteExample.h */ = {isa = PBXFileReference; lastKnownFileType = sourcecode.c.h; path = SpriteExample.h; sourceTree = "<group>"; };
		722D2ADB16817F19001F9465 /* FontAndLabelExample.c */ = {isa = PBXFileReference; lastKnownFileType = sourcecode.c.c; path = FontAndLabelExample.c; sourceTree = "<group>"; };
		722D2ADC16817F19001F9465 /* FontAndLabelExample.h */ = {isa = PBXFileReference; lastKnownFileType = sourcecode.c.h; path = FontAndLabelExample.h; sourceTree = "<group>"; };
		722D2ADE16819D8E001F9465 /* KLLogo.c */ = {isa = PBXFileReference; lastKnownFileType = sourcecode.c.c; name = KLLogo.c; path = KLibSample/KLLogo.c; sourceTree = SOURCE_ROOT; };
		722D2ADF16819D8E001F9465 /* KLLogo.h */ = {isa = PBXFileReference; lastKnownFileType = sourcecode.c.h; name = KLLogo.h; path = KLibSample/KLLogo.h; sourceTree = SOURCE_ROOT; };
		722D2AE016819DA1001F9465 /* FirstScene.c */ = {isa = PBXFileReference; lastKnownFileType = sourcecode.c.c; path = FirstScene.c; sourceTree = "<group>"; };
		722D2AE116819DA1001F9465 /* FirstScene.h */ = {isa = PBXFileReference; lastKnownFileType = sourcecode.c.h; path = FirstScene.h; sourceTree = "<group>"; };
		722D2AE51681A3BE001F9465 /* example.bmp */ = {isa = PBXFileReference; lastKnownFileType = image.bmp; path = example.bmp; sourceTree = "<group>"; };
		722D2AE61681A3BE001F9465 /* example.gif */ = {isa = PBXFileReference; lastKnownFileType = image.gif; path = example.gif; sourceTree = "<group>"; };
		722D2AE71681A3BE001F9465 /* example.jpg */ = {isa = PBXFileReference; lastKnownFileType = image.jpeg; path = example.jpg; sourceTree = "<group>"; };
		722D2AE81681A3BE001F9465 /* example.png */ = {isa = PBXFileReference; lastKnownFileType = image.png; path = example.png; sourceTree = "<group>"; };
		722D2AE91681A3BE001F9465 /* klib.png */ = {isa = PBXFileReference; lastKnownFileType = image.png; path = klib.png; sourceTree = "<group>"; };
		722D2AEB1681A3BE001F9465 /* powerup10.mp3 */ = {isa = PBXFileReference; lastKnownFileType = audio.mp3; path = powerup10.mp3; sourceTree = "<group>"; };
		722D2AEC1681A3BE001F9465 /* tm2r_bom27_a.wav */ = {isa = PBXFileReference; lastKnownFileType = audio.wav; path = tm2r_bom27_a.wav; sourceTree = "<group>"; };
		722D2AF41681BFE9001F9465 /* SoundExample.c */ = {isa = PBXFileReference; lastKnownFileType = sourcecode.c.c; path = SoundExample.c; sourceTree = "<group>"; };
		722D2AF51681BFE9001F9465 /* SoundExample.h */ = {isa = PBXFileReference; lastKnownFileType = sourcecode.c.h; path = SoundExample.h; sourceTree = "<group>"; };
		722D2AF81681DEC3001F9465 /* bgm_maoudamashii_cyber07.mp3 */ = {isa = PBXFileReference; lastKnownFileType = audio.mp3; path = bgm_maoudamashii_cyber07.mp3; sourceTree = "<group>"; };
		722D2AFA1681E912001F9465 /* ObjContainerExample.c */ = {isa = PBXFileReference; lastKnownFileType = sourcecode.c.c; path = ObjContainerExample.c; sourceTree = "<group>"; };
		722D2AFB1681E913001F9465 /* ObjContainerExample.h */ = {isa = PBXFileReference; lastKnownFileType = sourcecode.c.h; path = ObjContainerExample.h; sourceTree = "<group>"; };
		722D2AFD168215A9001F9465 /* DeviceExample.c */ = {isa = PBXFileReference; lastKnownFileType = sourcecode.c.c; path = DeviceExample.c; sourceTree = "<group>"; };
		722D2AFE168215AA001F9465 /* DeviceExample.h */ = {isa = PBXFileReference; lastKnownFileType = sourcecode.c.h; path = DeviceExample.h; sourceTree = "<group>"; };
		722D2B0016821CEA001F9465 /* TouchExample.c */ = {isa = PBXFileReference; lastKnownFileType = sourcecode.c.c; path = TouchExample.c; sourceTree = "<group>"; };
		722D2B0116821CEA001F9465 /* TouchExample.h */ = {isa = PBXFileReference; lastKnownFileType = sourcecode.c.h; path = TouchExample.h; sourceTree = "<group>"; };
		72878572167DA24E001EC5AD /* KLibSample.app */ = {isa = PBXFileReference; explicitFileType = wrapper.application; includeInIndex = 0; path = KLibSample.app; sourceTree = BUILT_PRODUCTS_DIR; };
		72878576167DA24E001EC5AD /* UIKit.framework */ = {isa = PBXFileReference; lastKnownFileType = wrapper.framework; name = UIKit.framework; path = System/Library/Frameworks/UIKit.framework; sourceTree = SDKROOT; };
		72878578167DA24E001EC5AD /* Foundation.framework */ = {isa = PBXFileReference; lastKnownFileType = wrapper.framework; name = Foundation.framework; path = System/Library/Frameworks/Foundation.framework; sourceTree = SDKROOT; };
		7287857A167DA24E001EC5AD /* CoreGraphics.framework */ = {isa = PBXFileReference; lastKnownFileType = wrapper.framework; name = CoreGraphics.framework; path = System/Library/Frameworks/CoreGraphics.framework; sourceTree = SDKROOT; };
		7287857E167DA24E001EC5AD /* OpenGLES.framework */ = {isa = PBXFileReference; lastKnownFileType = wrapper.framework; name = OpenGLES.framework; path = System/Library/Frameworks/OpenGLES.framework; sourceTree = SDKROOT; };
		72878582167DA24E001EC5AD /* KLibSample-Info.plist */ = {isa = PBXFileReference; lastKnownFileType = text.plist.xml; path = "KLibSample-Info.plist"; sourceTree = "<group>"; };
		72878584167DA24E001EC5AD /* en */ = {isa = PBXFileReference; lastKnownFileType = text.plist.strings; name = en; path = en.lproj/InfoPlist.strings; sourceTree = "<group>"; };
		72878586167DA24E001EC5AD /* main.m */ = {isa = PBXFileReference; lastKnownFileType = sourcecode.c.objc; path = main.m; sourceTree = "<group>"; };
		72878588167DA24E001EC5AD /* KLibSample-Prefix.pch */ = {isa = PBXFileReference; lastKnownFileType = sourcecode.c.h; path = "KLibSample-Prefix.pch"; sourceTree = "<group>"; };
		72878589167DA24E001EC5AD /* AppDelegate.h */ = {isa = PBXFileReference; lastKnownFileType = sourcecode.c.h; path = AppDelegate.h; sourceTree = "<group>"; };
		7287858A167DA24E001EC5AD /* AppDelegate.m */ = {isa = PBXFileReference; lastKnownFileType = sourcecode.c.objc; path = AppDelegate.m; sourceTree = "<group>"; };
		7287858C167DA24E001EC5AD /* Default.png */ = {isa = PBXFileReference; lastKnownFileType = image.png; path = Default.png; sourceTree = "<group>"; };
		7287858E167DA24F001EC5AD /* Default@2x.png */ = {isa = PBXFileReference; lastKnownFileType = image.png; path = "Default@2x.png"; sourceTree = "<group>"; };
		72878590167DA24F001EC5AD /* Default-568h@2x.png */ = {isa = PBXFileReference; lastKnownFileType = image.png; path = "Default-568h@2x.png"; sourceTree = "<group>"; };
		72878596167DA24F001EC5AD /* ViewController.h */ = {isa = PBXFileReference; lastKnownFileType = sourcecode.c.h; path = ViewController.h; sourceTree = "<group>"; };
		72878597167DA24F001EC5AD /* ViewController.m */ = {isa = PBXFileReference; lastKnownFileType = sourcecode.c.objc; path = ViewController.m; sourceTree = "<group>"; };
		728785A1167DA9AC001EC5AD /* AudioToolbox.framework */ = {isa = PBXFileReference; lastKnownFileType = wrapper.framework; name = AudioToolbox.framework; path = System/Library/Frameworks/AudioToolbox.framework; sourceTree = SDKROOT; };
		728785A2167DA9AC001EC5AD /* CoreFoundation.framework */ = {isa = PBXFileReference; lastKnownFileType = wrapper.framework; name = CoreFoundation.framework; path = System/Library/Frameworks/CoreFoundation.framework; sourceTree = SDKROOT; };
		728785A3167DA9AC001EC5AD /* GameKit.framework */ = {isa = PBXFileReference; lastKnownFileType = wrapper.framework; name = GameKit.framework; path = System/Library/Frameworks/GameKit.framework; sourceTree = SDKROOT; };
		728785A4167DA9AC001EC5AD /* OpenAL.framework */ = {isa = PBXFileReference; lastKnownFileType = wrapper.framework; name = OpenAL.framework; path = System/Library/Frameworks/OpenAL.framework; sourceTree = SDKROOT; };
		728785A5167DA9AC001EC5AD /* Security.framework */ = {isa = PBXFileReference; lastKnownFileType = wrapper.framework; name = Security.framework; path = System/Library/Frameworks/Security.framework; sourceTree = SDKROOT; };
		728785A6167DA9AC001EC5AD /* SystemConfiguration.framework */ = {isa = PBXFileReference; lastKnownFileType = wrapper.framework; name = SystemConfiguration.framework; path = System/Library/Frameworks/SystemConfiguration.framework; sourceTree = SDKROOT; };
		728785AF167DACB9001EC5AD /* KLibDelegate.h */ = {isa = PBXFileReference; fileEncoding = 4; lastKnownFileType = sourcecode.c.h; path = KLibDelegate.h; sourceTree = "<group>"; };
		728785B0167DACB9001EC5AD /* KLibDelegate.m */ = {isa = PBXFileReference; fileEncoding = 4; lastKnownFileType = sourcecode.c.objc; path = KLibDelegate.m; sourceTree = "<group>"; };
		728785B2167DACB9001EC5AD /* KLDevice.c */ = {isa = PBXFileReference; fileEncoding = 4; lastKnownFileType = sourcecode.c.c; path = KLDevice.c; sourceTree = "<group>"; };
		728785B3167DACB9001EC5AD /* KLDevice.h */ = {isa = PBXFileReference; fileEncoding = 4; lastKnownFileType = sourcecode.c.h; path = KLDevice.h; sourceTree = "<group>"; };
		728785B4167DACB9001EC5AD /* KLTouch.c */ = {isa = PBXFileReference; fileEncoding = 4; lastKnownFileType = sourcecode.c.c; path = KLTouch.c; sourceTree = "<group>"; };
		728785B5167DACB9001EC5AD /* KLTouch.h */ = {isa = PBXFileReference; fileEncoding = 4; lastKnownFileType = sourcecode.c.h; path = KLTouch.h; sourceTree = "<group>"; };
		728785B7167DACB9001EC5AD /* KLDrawQueue.c */ = {isa = PBXFileReference; fileEncoding = 4; lastKnownFileType = sourcecode.c.c; path = KLDrawQueue.c; sourceTree = "<group>"; };
		728785B8167DACB9001EC5AD /* KLDrawQueue.h */ = {isa = PBXFileReference; fileEncoding = 4; lastKnownFileType = sourcecode.c.h; path = KLDrawQueue.h; sourceTree = "<group>"; };
		728785B9167DACB9001EC5AD /* KLFont.c */ = {isa = PBXFileReference; fileEncoding = 4; lastKnownFileType = sourcecode.c.c; path = KLFont.c; sourceTree = "<group>"; };
		728785BA167DACB9001EC5AD /* KLFont.h */ = {isa = PBXFileReference; fileEncoding = 4; lastKnownFileType = sourcecode.c.h; path = KLFont.h; sourceTree = "<group>"; };
		728785BB167DACB9001EC5AD /* KLibView.h */ = {isa = PBXFileReference; fileEncoding = 4; lastKnownFileType = sourcecode.c.h; path = KLibView.h; sourceTree = "<group>"; };
		728785BC167DACB9001EC5AD /* KLibView.m */ = {isa = PBXFileReference; fileEncoding = 4; lastKnownFileType = sourcecode.c.objc; path = KLibView.m; sourceTree = "<group>"; };
		728785BD167DACB9001EC5AD /* KLLabel.c */ = {isa = PBXFileReference; fileEncoding = 4; lastKnownFileType = sourcecode.c.c; path = KLLabel.c; sourceTree = "<group>"; };
		728785BE167DACB9001EC5AD /* KLLabel.h */ = {isa = PBXFileReference; fileEncoding = 4; lastKnownFileType = sourcecode.c.h; path = KLLabel.h; sourceTree = "<group>"; };
		728785BF167DACB9001EC5AD /* KLMatrix.c */ = {isa = PBXFileReference; fileEncoding = 4; lastKnownFileType = sourcecode.c.c; path = KLMatrix.c; sourceTree = "<group>"; };
		728785C0167DACB9001EC5AD /* KLMatrix.h */ = {isa = PBXFileReference; fileEncoding = 4; lastKnownFileType = sourcecode.c.h; path = KLMatrix.h; sourceTree = "<group>"; };
		728785C1167DACB9001EC5AD /* KLScreen.c */ = {isa = PBXFileReference; fileEncoding = 4; lastKnownFileType = sourcecode.c.c; path = KLScreen.c; sourceTree = "<group>"; };
		728785C2167DACB9001EC5AD /* KLScreen.h */ = {isa = PBXFileReference; fileEncoding = 4; lastKnownFileType = sourcecode.c.h; path = KLScreen.h; sourceTree = "<group>"; };
		728785C4167DACB9001EC5AD /* KLGL.c */ = {isa = PBXFileReference; fileEncoding = 4; lastKnownFileType = sourcecode.c.c; path = KLGL.c; sourceTree = "<group>"; };
		728785C5167DACB9001EC5AD /* KLGL.h */ = {isa = PBXFileReference; fileEncoding = 4; lastKnownFileType = sourcecode.c.h; path = KLGL.h; sourceTree = "<group>"; };
		728785C6167DACB9001EC5AD /* KLSprite.c */ = {isa = PBXFileReference; fileEncoding = 4; lastKnownFileType = sourcecode.c.c; path = KLSprite.c; sourceTree = "<group>"; };
		728785C7167DACB9001EC5AD /* KLSprite.h */ = {isa = PBXFileReference; fileEncoding = 4; lastKnownFileType = sourcecode.c.h; path = KLSprite.h; sourceTree = "<group>"; };
		728785C8167DACB9001EC5AD /* KLTexture.c */ = {isa = PBXFileReference; fileEncoding = 4; lastKnownFileType = sourcecode.c.c; path = KLTexture.c; sourceTree = "<group>"; };
		728785C9167DACB9001EC5AD /* KLTexture.h */ = {isa = PBXFileReference; fileEncoding = 4; lastKnownFileType = sourcecode.c.h; path = KLTexture.h; sourceTree = "<group>"; };
		728785CB167DACB9001EC5AD /* KLShader.h */ = {isa = PBXFileReference; fileEncoding = 4; lastKnownFileType = sourcecode.c.h; path = KLShader.h; sourceTree = "<group>"; };
		728785CC167DACB9001EC5AD /* KLSLdefault.fc */ = {isa = PBXFileReference; fileEncoding = 4; lastKnownFileType = text; path = KLSLdefault.fc; sourceTree = "<group>"; };
		728785CD167DACB9001EC5AD /* KLSLdefault.vc */ = {isa = PBXFileReference; fileEncoding = 4; lastKnownFileType = text; path = KLSLdefault.vc; sourceTree = "<group>"; };
		728785CF167DACB9001EC5AD /* KLFile.h */ = {isa = PBXFileReference; fileEncoding = 4; lastKnownFileType = sourcecode.c.h; path = KLFile.h; sourceTree = "<group>"; };
		728785D0167DACB9001EC5AD /* KLFile.m */ = {isa = PBXFileReference; fileEncoding = 4; lastKnownFileType = sourcecode.c.objc; path = KLFile.m; sourceTree = "<group>"; };
		728785D2167DACB9001EC5AD /* KLGameCenterDelegate.h */ = {isa = PBXFileReference; fileEncoding = 4; lastKnownFileType = sourcecode.c.h; path = KLGameCenterDelegate.h; sourceTree = "<group>"; };
		728785D3167DACB9001EC5AD /* KLGameCenterDelegate.m */ = {isa = PBXFileReference; fileEncoding = 4; lastKnownFileType = sourcecode.c.objc; path = KLGameCenterDelegate.m; sourceTree = "<group>"; };
		728785D5167DACB9001EC5AD /* KLInAppPurchase.h */ = {isa = PBXFileReference; fileEncoding = 4; lastKnownFileType = sourcecode.c.h; path = KLInAppPurchase.h; sourceTree = "<group>"; };
		728785D6167DACB9001EC5AD /* KLInAppPurchase.m */ = {isa = PBXFileReference; fileEncoding = 4; lastKnownFileType = sourcecode.c.objc; path = KLInAppPurchase.m; sourceTree = "<group>"; };
		728785D7167DACB9001EC5AD /* KLConfig.h */ = {isa = PBXFileReference; fileEncoding = 4; lastKnownFileType = sourcecode.c.h; path = KLConfig.h; sourceTree = "<group>"; };
		728785D8167DACB9001EC5AD /* KLib.c */ = {isa = PBXFileReference; fileEncoding = 4; lastKnownFileType = sourcecode.c.c; path = KLib.c; sourceTree = "<group>"; };
		728785D9167DACB9001EC5AD /* KLib.h */ = {isa = PBXFileReference; fileEncoding = 4; lastKnownFileType = sourcecode.c.h; path = KLib.h; sourceTree = "<group>"; };
		728785DA167DACB9001EC5AD /* KLibDefine.h */ = {isa = PBXFileReference; fileEncoding = 4; lastKnownFileType = sourcecode.c.h; path = KLibDefine.h; sourceTree = "<group>"; };
		728785DC167DACB9001EC5AD /* KLList.c */ = {isa = PBXFileReference; fileEncoding = 4; lastKnownFileType = sourcecode.c.c; path = KLList.c; sourceTree = "<group>"; };
		728785DD167DACB9001EC5AD /* KLList.h */ = {isa = PBXFileReference; fileEncoding = 4; lastKnownFileType = sourcecode.c.h; path = KLList.h; sourceTree = "<group>"; };
		728785DF167DACB9001EC5AD /* KLBlock.c */ = {isa = PBXFileReference; fileEncoding = 4; lastKnownFileType = sourcecode.c.c; path = KLBlock.c; sourceTree = "<group>"; };
		728785E0167DACB9001EC5AD /* KLBlock.h */ = {isa = PBXFileReference; fileEncoding = 4; lastKnownFileType = sourcecode.c.h; path = KLBlock.h; sourceTree = "<group>"; };
		728785E1167DACB9001EC5AD /* KLHeapDebug.c */ = {isa = PBXFileReference; fileEncoding = 4; lastKnownFileType = sourcecode.c.c; path = KLHeapDebug.c; sourceTree = "<group>"; };
		728785E2167DACB9001EC5AD /* KLHeapDebug.h */ = {isa = PBXFileReference; fileEncoding = 4; lastKnownFileType = sourcecode.c.h; path = KLHeapDebug.h; sourceTree = "<group>"; };
		728785E4167DACB9001EC5AD /* KLNetwork.c */ = {isa = PBXFileReference; fileEncoding = 4; lastKnownFileType = sourcecode.c.c; path = KLNetwork.c; sourceTree = "<group>"; };
		728785E5167DACB9001EC5AD /* KLNetwork.h */ = {isa = PBXFileReference; fileEncoding = 4; lastKnownFileType = sourcecode.c.h; path = KLNetwork.h; sourceTree = "<group>"; };
		728785E7167DACB9001EC5AD /* KLContainer.c */ = {isa = PBXFileReference; fileEncoding = 4; lastKnownFileType = sourcecode.c.c; path = KLContainer.c; sourceTree = "<group>"; };
		728785E8167DACB9001EC5AD /* KLObj.c */ = {isa = PBXFileReference; fileEncoding = 4; lastKnownFileType = sourcecode.c.c; path = KLObj.c; sourceTree = "<group>"; };
		728785E9167DACB9001EC5AD /* KLObj.h */ = {isa = PBXFileReference; fileEncoding = 4; lastKnownFileType = sourcecode.c.h; path = KLObj.h; sourceTree = "<group>"; };
		728785EB167DACB9001EC5AD /* KLScene.c */ = {isa = PBXFileReference; fileEncoding = 4; lastKnownFileType = sourcecode.c.c; path = KLScene.c; sourceTree = "<group>"; };
		728785EC167DACB9001EC5AD /* KLScene.h */ = {isa = PBXFileReference; fileEncoding = 4; lastKnownFileType = sourcecode.c.h; path = KLScene.h; sourceTree = "<group>"; };
		728785EE167DACB9001EC5AD /* KLAL.c */ = {isa = PBXFileReference; fileEncoding = 4; lastKnownFileType = sourcecode.c.c; path = KLAL.c; sourceTree = "<group>"; };
		728785EF167DACB9001EC5AD /* KLAL.h */ = {isa = PBXFileReference; fileEncoding = 4; lastKnownFileType = sourcecode.c.h; path = KLAL.h; sourceTree = "<group>"; };
		728785F0167DACB9001EC5AD /* KLRecorder.c */ = {isa = PBXFileReference; fileEncoding = 4; lastKnownFileType = sourcecode.c.c; path = KLRecorder.c; sourceTree = "<group>"; };
		728785F1167DACB9001EC5AD /* KLRecorder.h */ = {isa = PBXFileReference; fileEncoding = 4; lastKnownFileType = sourcecode.c.h; path = KLRecorder.h; sourceTree = "<group>"; };
		728785F3167DACB9001EC5AD /* KLString.c */ = {isa = PBXFileReference; fileEncoding = 4; lastKnownFileType = sourcecode.c.c; path = KLString.c; sourceTree = "<group>"; };
		728785F4167DACB9001EC5AD /* KLString.h */ = {isa = PBXFileReference; fileEncoding = 4; lastKnownFileType = sourcecode.c.h; path = KLString.h; sourceTree = "<group>"; };
		72878601167DACB9001EC5AD /* LKKeychain.h */ = {isa = PBXFileReference; fileEncoding = 4; lastKnownFileType = sourcecode.c.h; path = LKKeychain.h; sourceTree = "<group>"; };
		72878602167DACB9001EC5AD /* LKKeychain.m */ = {isa = PBXFileReference; fileEncoding = 4; lastKnownFileType = sourcecode.c.objc; path = LKKeychain.m; sourceTree = "<group>"; };
		7287860D167DACBA001EC5AD /* README.md */ = {isa = PBXFileReference; fileEncoding = 4; lastKnownFileType = text; path = README.md; sourceTree = "<group>"; };
		7287860F167DACBA001EC5AD /* stb_image.c */ = {isa = PBXFileReference; fileEncoding = 4; lastKnownFileType = sourcecode.c.c; path = stb_image.c; sourceTree = "<group>"; };
		72878610167DACBA001EC5AD /* stb_image.h */ = {isa = PBXFileReference; fileEncoding = 4; lastKnownFileType = sourcecode.c.h; path = stb_image.h; sourceTree = "<group>"; };
		72878614167DACBA001EC5AD /* c_extern.h */ = {isa = PBXFileReference; fileEncoding = 4; lastKnownFileType = sourcecode.c.h; path = c_extern.h; sourceTree = "<group>"; };
		72878615167DACBA001EC5AD /* c_extern_close.h */ = {isa = PBXFileReference; fileEncoding = 4; lastKnownFileType = sourcecode.c.h; path = c_extern_close.h; sourceTree = "<group>"; };
		72878617167DACBA001EC5AD /* KLBench.c */ = {isa = PBXFileReference; fileEncoding = 4; lastKnownFileType = sourcecode.c.c; path = KLBench.c; sourceTree = "<group>"; };
		72878618167DACBA001EC5AD /* KLBench.h */ = {isa = PBXFileReference; fileEncoding = 4; lastKnownFileType = sourcecode.c.h; path = KLBench.h; sourceTree = "<group>"; };
		7287861A167DACBA001EC5AD /* KLHit.c */ = {isa = PBXFileReference; fileEncoding = 4; lastKnownFileType = sourcecode.c.c; path = KLHit.c; sourceTree = "<group>"; };
		7287861B167DACBA001EC5AD /* KLHit.h */ = {isa = PBXFileReference; fileEncoding = 4; lastKnownFileType = sourcecode.c.h; path = KLHit.h; sourceTree = "<group>"; };
		7287861D167DACBA001EC5AD /* KLMath.c */ = {isa = PBXFileReference; fileEncoding = 4; lastKnownFileType = sourcecode.c.c; path = KLMath.c; sourceTree = "<group>"; };
		7287861E167DACBA001EC5AD /* KLMath.h */ = {isa = PBXFileReference; fileEncoding = 4; lastKnownFileType = sourcecode.c.h; path = KLMath.h; sourceTree = "<group>"; };
		72878620167DACBA001EC5AD /* KLMover.c */ = {isa = PBXFileReference; fileEncoding = 4; lastKnownFileType = sourcecode.c.c; path = KLMover.c; sourceTree = "<group>"; };
		72878621167DACBA001EC5AD /* KLMover.h */ = {isa = PBXFileReference; fileEncoding = 4; lastKnownFileType = sourcecode.c.h; path = KLMover.h; sourceTree = "<group>"; };
		72878623167DACBA001EC5AD /* KLRandom.c */ = {isa = PBXFileReference; fileEncoding = 4; lastKnownFileType = sourcecode.c.c; path = KLRandom.c; sourceTree = "<group>"; };
		72878624167DACBA001EC5AD /* KLRandom.h */ = {isa = PBXFileReference; fileEncoding = 4; lastKnownFileType = sourcecode.c.h; path = KLRandom.h; sourceTree = "<group>"; };
		72878626167DACBA001EC5AD /* KLScaler.c */ = {isa = PBXFileReference; fileEncoding = 4; lastKnownFileType = sourcecode.c.c; path = KLScaler.c; sourceTree = "<group>"; };
		72878627167DACBA001EC5AD /* KLScaler.h */ = {isa = PBXFileReference; fileEncoding = 4; lastKnownFileType = sourcecode.c.h; path = KLScaler.h; sourceTree = "<group>"; };
		72878629167DACBA001EC5AD /* KLScroll.c */ = {isa = PBXFileReference; fileEncoding = 4; lastKnownFileType = sourcecode.c.c; path = KLScroll.c; sourceTree = "<group>"; };
		7287862A167DACBA001EC5AD /* KLScroll.h */ = {isa = PBXFileReference; fileEncoding = 4; lastKnownFileType = sourcecode.c.h; path = KLScroll.h; sourceTree = "<group>"; };
		7287862C167DACBA001EC5AD /* KLSort.c */ = {isa = PBXFileReference; fileEncoding = 4; lastKnownFileType = sourcecode.c.c; path = KLSort.c; sourceTree = "<group>"; };
		7287862D167DACBA001EC5AD /* KLSort.h */ = {isa = PBXFileReference; fileEncoding = 4; lastKnownFileType = sourcecode.c.h; path = KLSort.h; sourceTree = "<group>"; };
		7287862F167DACBA001EC5AD /* KLUUID.c */ = {isa = PBXFileReference; fileEncoding = 4; lastKnownFileType = sourcecode.c.c; path = KLUUID.c; sourceTree = "<group>"; };
		72878630167DACBA001EC5AD /* KLUUID.h */ = {isa = PBXFileReference; fileEncoding = 4; lastKnownFileType = sourcecode.c.h; path = KLUUID.h; sourceTree = "<group>"; };
		72878676167E0879001EC5AD /* StoreKit.framework */ = {isa = PBXFileReference; lastKnownFileType = wrapper.framework; name = StoreKit.framework; path = System/Library/Frameworks/StoreKit.framework; sourceTree = SDKROOT; };
		72878682167E22F8001EC5AD /* QuartzCore.framework */ = {isa = PBXFileReference; lastKnownFileType = wrapper.framework; name = QuartzCore.framework; path = System/Library/Frameworks/QuartzCore.framework; sourceTree = SDKROOT; };
		728D90A4167F1DEC002B3320 /* CoreText.framework */ = {isa = PBXFileReference; lastKnownFileType = wrapper.framework; name = CoreText.framework; path = System/Library/Frameworks/CoreText.framework; sourceTree = SDKROOT; };
/* End PBXFileReference section */

/* Begin PBXFrameworksBuildPhase section */
		7287856F167DA24E001EC5AD /* Frameworks */ = {
			isa = PBXFrameworksBuildPhase;
			buildActionMask = 2147483647;
			files = (
				728D90A5167F1DEC002B3320 /* CoreText.framework in Frameworks */,
				72878683167E22F8001EC5AD /* QuartzCore.framework in Frameworks */,
				72878677167E087A001EC5AD /* StoreKit.framework in Frameworks */,
				728785A7167DA9AC001EC5AD /* AudioToolbox.framework in Frameworks */,
				728785A8167DA9AC001EC5AD /* CoreFoundation.framework in Frameworks */,
				728785A9167DA9AC001EC5AD /* GameKit.framework in Frameworks */,
				728785AA167DA9AC001EC5AD /* OpenAL.framework in Frameworks */,
				728785AB167DA9AC001EC5AD /* Security.framework in Frameworks */,
				728785AC167DA9AC001EC5AD /* SystemConfiguration.framework in Frameworks */,
				72878577167DA24E001EC5AD /* UIKit.framework in Frameworks */,
				72878579167DA24E001EC5AD /* Foundation.framework in Frameworks */,
				7287857B167DA24E001EC5AD /* CoreGraphics.framework in Frameworks */,
				7287857F167DA24E001EC5AD /* OpenGLES.framework in Frameworks */,
			);
			runOnlyForDeploymentPostprocessing = 0;
		};
/* End PBXFrameworksBuildPhase section */

/* Begin PBXGroup section */
		722D2AC516807BE2001F9465 /* Scene */ = {
			isa = PBXGroup;
			children = (
				722D2AE016819DA1001F9465 /* FirstScene.c */,
				722D2AE116819DA1001F9465 /* FirstScene.h */,
				722D2AC616807BE2001F9465 /* PrimitiveExample.c */,
				722D2AC716807BE2001F9465 /* PrimitiveExample.h */,
				722D2ACD1680C64A001F9465 /* SpriteExample.c */,
				722D2ACE1680C64A001F9465 /* SpriteExample.h */,
				722D2ADB16817F19001F9465 /* FontAndLabelExample.c */,
				722D2ADC16817F19001F9465 /* FontAndLabelExample.h */,
				722D2AF41681BFE9001F9465 /* SoundExample.c */,
				722D2AF51681BFE9001F9465 /* SoundExample.h */,
				722D2AFA1681E912001F9465 /* ObjContainerExample.c */,
				722D2AFB1681E913001F9465 /* ObjContainerExample.h */,
				722D2AFD168215A9001F9465 /* DeviceExample.c */,
				722D2AFE168215AA001F9465 /* DeviceExample.h */,
				722D2B0016821CEA001F9465 /* TouchExample.c */,
				722D2B0116821CEA001F9465 /* TouchExample.h */,
			);
			path = Scene;
			sourceTree = "<group>";
		};
		722D2AD11680C9CB001F9465 /* res */ = {
			isa = PBXGroup;
			children = (
				722D2AE41681A3BE001F9465 /* img */,
				722D2AEA1681A3BE001F9465 /* sound */,
			);
			path = res;
			sourceTree = "<group>";
		};
		722D2AE41681A3BE001F9465 /* img */ = {
			isa = PBXGroup;
			children = (
				722D2AE51681A3BE001F9465 /* example.bmp */,
				722D2AE61681A3BE001F9465 /* example.gif */,
				722D2AE71681A3BE001F9465 /* example.jpg */,
				722D2AE81681A3BE001F9465 /* example.png */,
				722D2AE91681A3BE001F9465 /* klib.png */,
			);
			path = img;
			sourceTree = "<group>";
		};
		722D2AEA1681A3BE001F9465 /* sound */ = {
			isa = PBXGroup;
			children = (
				722D2AF81681DEC3001F9465 /* bgm_maoudamashii_cyber07.mp3 */,
				722D2AEB1681A3BE001F9465 /* powerup10.mp3 */,
				722D2AEC1681A3BE001F9465 /* tm2r_bom27_a.wav */,
			);
			path = sound;
			sourceTree = "<group>";
		};
		72878567167DA24E001EC5AD = {
			isa = PBXGroup;
			children = (
				728785AD167DACB9001EC5AD /* KLib */,
				72878580167DA24E001EC5AD /* KLibSample */,
				72878575167DA24E001EC5AD /* Frameworks */,
				72878573167DA24E001EC5AD /* Products */,
			);
			sourceTree = "<group>";
		};
		72878573167DA24E001EC5AD /* Products */ = {
			isa = PBXGroup;
			children = (
				72878572167DA24E001EC5AD /* KLibSample.app */,
			);
			name = Products;
			sourceTree = "<group>";
		};
		72878575167DA24E001EC5AD /* Frameworks */ = {
			isa = PBXGroup;
			children = (
				728D90A4167F1DEC002B3320 /* CoreText.framework */,
				72878682167E22F8001EC5AD /* QuartzCore.framework */,
				72878676167E0879001EC5AD /* StoreKit.framework */,
				728785A1167DA9AC001EC5AD /* AudioToolbox.framework */,
				728785A2167DA9AC001EC5AD /* CoreFoundation.framework */,
				728785A3167DA9AC001EC5AD /* GameKit.framework */,
				728785A4167DA9AC001EC5AD /* OpenAL.framework */,
				728785A5167DA9AC001EC5AD /* Security.framework */,
				728785A6167DA9AC001EC5AD /* SystemConfiguration.framework */,
				72878576167DA24E001EC5AD /* UIKit.framework */,
				72878578167DA24E001EC5AD /* Foundation.framework */,
				7287857A167DA24E001EC5AD /* CoreGraphics.framework */,
				7287857E167DA24E001EC5AD /* OpenGLES.framework */,
			);
			name = Frameworks;
			sourceTree = "<group>";
		};
		72878580167DA24E001EC5AD /* KLibSample */ = {
			isa = PBXGroup;
			children = (
				722D2AD11680C9CB001F9465 /* res */,
				722D2AC516807BE2001F9465 /* Scene */,
				72878589167DA24E001EC5AD /* AppDelegate.h */,
				7287858A167DA24E001EC5AD /* AppDelegate.m */,
				72878596167DA24F001EC5AD /* ViewController.h */,
				72878597167DA24F001EC5AD /* ViewController.m */,
				722D2ADE16819D8E001F9465 /* KLLogo.c */,
				722D2ADF16819D8E001F9465 /* KLLogo.h */,
				72878581167DA24E001EC5AD /* Supporting Files */,
			);
			path = KLibSample;
			sourceTree = "<group>";
		};
		72878581167DA24E001EC5AD /* Supporting Files */ = {
			isa = PBXGroup;
			children = (
				72878582167DA24E001EC5AD /* KLibSample-Info.plist */,
				72878583167DA24E001EC5AD /* InfoPlist.strings */,
				72878586167DA24E001EC5AD /* main.m */,
				72878588167DA24E001EC5AD /* KLibSample-Prefix.pch */,
				7287858C167DA24E001EC5AD /* Default.png */,
				7287858E167DA24F001EC5AD /* Default@2x.png */,
				72878590167DA24F001EC5AD /* Default-568h@2x.png */,
			);
			name = "Supporting Files";
			sourceTree = "<group>";
		};
		728785AD167DACB9001EC5AD /* KLib */ = {
			isa = PBXGroup;
			children = (
				728785AE167DACB9001EC5AD /* Delegate */,
				728785B1167DACB9001EC5AD /* Device */,
				728785B6167DACB9001EC5AD /* Draw */,
				728785CE167DACB9001EC5AD /* File */,
				728785D1167DACB9001EC5AD /* GameCenter */,
				728785D4167DACB9001EC5AD /* InAppPurchase */,
				728785D7167DACB9001EC5AD /* KLConfig.h */,
				728785D8167DACB9001EC5AD /* KLib.c */,
				728785D9167DACB9001EC5AD /* KLib.h */,
				728785DA167DACB9001EC5AD /* KLibDefine.h */,
				728785DB167DACB9001EC5AD /* List */,
				728785DE167DACB9001EC5AD /* Memory */,
				728785E3167DACB9001EC5AD /* Network */,
				728785E6167DACB9001EC5AD /* Object */,
				728785EA167DACB9001EC5AD /* Scene */,
				728785ED167DACB9001EC5AD /* Sound */,
				728785F2167DACB9001EC5AD /* String */,
				728785F5167DACB9001EC5AD /* ThirdParty */,
				72878612167DACBA001EC5AD /* Util */,
			);
			path = KLib;
			sourceTree = "<group>";
		};
		728785AE167DACB9001EC5AD /* Delegate */ = {
			isa = PBXGroup;
			children = (
				728785AF167DACB9001EC5AD /* KLibDelegate.h */,
				728785B0167DACB9001EC5AD /* KLibDelegate.m */,
			);
			path = Delegate;
			sourceTree = "<group>";
		};
		728785B1167DACB9001EC5AD /* Device */ = {
			isa = PBXGroup;
			children = (
				728785B2167DACB9001EC5AD /* KLDevice.c */,
				728785B3167DACB9001EC5AD /* KLDevice.h */,
				728785B4167DACB9001EC5AD /* KLTouch.c */,
				728785B5167DACB9001EC5AD /* KLTouch.h */,
			);
			path = Device;
			sourceTree = "<group>";
		};
		728785B6167DACB9001EC5AD /* Draw */ = {
			isa = PBXGroup;
			children = (
				728785B7167DACB9001EC5AD /* KLDrawQueue.c */,
				728785B8167DACB9001EC5AD /* KLDrawQueue.h */,
				728785B9167DACB9001EC5AD /* KLFont.c */,
				728785BA167DACB9001EC5AD /* KLFont.h */,
				728785BB167DACB9001EC5AD /* KLibView.h */,
				728785BC167DACB9001EC5AD /* KLibView.m */,
				728785BD167DACB9001EC5AD /* KLLabel.c */,
				728785BE167DACB9001EC5AD /* KLLabel.h */,
				728785BF167DACB9001EC5AD /* KLMatrix.c */,
				728785C0167DACB9001EC5AD /* KLMatrix.h */,
				728785C1167DACB9001EC5AD /* KLScreen.c */,
				728785C2167DACB9001EC5AD /* KLScreen.h */,
				728785C3167DACB9001EC5AD /* OpenGL */,
			);
			path = Draw;
			sourceTree = "<group>";
		};
		728785C3167DACB9001EC5AD /* OpenGL */ = {
			isa = PBXGroup;
			children = (
				728785C4167DACB9001EC5AD /* KLGL.c */,
				728785C5167DACB9001EC5AD /* KLGL.h */,
				728785C6167DACB9001EC5AD /* KLSprite.c */,
				728785C7167DACB9001EC5AD /* KLSprite.h */,
				728785C8167DACB9001EC5AD /* KLTexture.c */,
				728785C9167DACB9001EC5AD /* KLTexture.h */,
				728785CA167DACB9001EC5AD /* Shader */,
			);
			path = OpenGL;
			sourceTree = "<group>";
		};
		728785CA167DACB9001EC5AD /* Shader */ = {
			isa = PBXGroup;
			children = (
				728785CB167DACB9001EC5AD /* KLShader.h */,
				728785CC167DACB9001EC5AD /* KLSLdefault.fc */,
				728785CD167DACB9001EC5AD /* KLSLdefault.vc */,
			);
			path = Shader;
			sourceTree = "<group>";
		};
		728785CE167DACB9001EC5AD /* File */ = {
			isa = PBXGroup;
			children = (
				728785CF167DACB9001EC5AD /* KLFile.h */,
				728785D0167DACB9001EC5AD /* KLFile.m */,
			);
			path = File;
			sourceTree = "<group>";
		};
		728785D1167DACB9001EC5AD /* GameCenter */ = {
			isa = PBXGroup;
			children = (
				728785D2167DACB9001EC5AD /* KLGameCenterDelegate.h */,
				728785D3167DACB9001EC5AD /* KLGameCenterDelegate.m */,
			);
			path = GameCenter;
			sourceTree = "<group>";
		};
		728785D4167DACB9001EC5AD /* InAppPurchase */ = {
			isa = PBXGroup;
			children = (
				728785D5167DACB9001EC5AD /* KLInAppPurchase.h */,
				728785D6167DACB9001EC5AD /* KLInAppPurchase.m */,
			);
			path = InAppPurchase;
			sourceTree = "<group>";
		};
		728785DB167DACB9001EC5AD /* List */ = {
			isa = PBXGroup;
			children = (
				728785DC167DACB9001EC5AD /* KLList.c */,
				728785DD167DACB9001EC5AD /* KLList.h */,
			);
			path = List;
			sourceTree = "<group>";
		};
		728785DE167DACB9001EC5AD /* Memory */ = {
			isa = PBXGroup;
			children = (
				728785DF167DACB9001EC5AD /* KLBlock.c */,
				728785E0167DACB9001EC5AD /* KLBlock.h */,
				728785E1167DACB9001EC5AD /* KLHeapDebug.c */,
				728785E2167DACB9001EC5AD /* KLHeapDebug.h */,
			);
			path = Memory;
			sourceTree = "<group>";
		};
		728785E3167DACB9001EC5AD /* Network */ = {
			isa = PBXGroup;
			children = (
				728785E4167DACB9001EC5AD /* KLNetwork.c */,
				728785E5167DACB9001EC5AD /* KLNetwork.h */,
			);
			path = Network;
			sourceTree = "<group>";
		};
		728785E6167DACB9001EC5AD /* Object */ = {
			isa = PBXGroup;
			children = (
				728785E7167DACB9001EC5AD /* KLContainer.c */,
				728785E8167DACB9001EC5AD /* KLObj.c */,
				728785E9167DACB9001EC5AD /* KLObj.h */,
			);
			path = Object;
			sourceTree = "<group>";
		};
		728785EA167DACB9001EC5AD /* Scene */ = {
			isa = PBXGroup;
			children = (
				728785EB167DACB9001EC5AD /* KLScene.c */,
				728785EC167DACB9001EC5AD /* KLScene.h */,
			);
			path = Scene;
			sourceTree = "<group>";
		};
		728785ED167DACB9001EC5AD /* Sound */ = {
			isa = PBXGroup;
			children = (
				728785EE167DACB9001EC5AD /* KLAL.c */,
				728785EF167DACB9001EC5AD /* KLAL.h */,
				728785F0167DACB9001EC5AD /* KLRecorder.c */,
				728785F1167DACB9001EC5AD /* KLRecorder.h */,
			);
			path = Sound;
			sourceTree = "<group>";
		};
		728785F2167DACB9001EC5AD /* String */ = {
			isa = PBXGroup;
			children = (
				728785F3167DACB9001EC5AD /* KLString.c */,
				728785F4167DACB9001EC5AD /* KLString.h */,
			);
			path = String;
			sourceTree = "<group>";
		};
		728785F5167DACB9001EC5AD /* ThirdParty */ = {
			isa = PBXGroup;
			children = (
				728785F6167DACB9001EC5AD /* LKKeychain */,
				7287860E167DACBA001EC5AD /* stb_image */,
				72878611167DACBA001EC5AD /* UIID */,
			);
			path = ThirdParty;
			sourceTree = "<group>";
		};
		728785F6167DACB9001EC5AD /* LKKeychain */ = {
			isa = PBXGroup;
			children = (
				72878601167DACB9001EC5AD /* LKKeychain.h */,
				72878602167DACB9001EC5AD /* LKKeychain.m */,
				7287860D167DACBA001EC5AD /* README.md */,
			);
			path = LKKeychain;
			sourceTree = "<group>";
		};
		7287860E167DACBA001EC5AD /* stb_image */ = {
			isa = PBXGroup;
			children = (
				7287860F167DACBA001EC5AD /* stb_image.c */,
				72878610167DACBA001EC5AD /* stb_image.h */,
			);
			path = stb_image;
			sourceTree = "<group>";
		};
		72878611167DACBA001EC5AD /* UIID */ = {
			isa = PBXGroup;
			children = (
			);
			path = UIID;
			sourceTree = "<group>";
		};
		72878612167DACBA001EC5AD /* Util */ = {
			isa = PBXGroup;
			children = (
				72878613167DACBA001EC5AD /* c_extern */,
				72878616167DACBA001EC5AD /* KLBench */,
				72878619167DACBA001EC5AD /* KLHit */,
				7287861C167DACBA001EC5AD /* KLMath */,
				7287861F167DACBA001EC5AD /* KLMover */,
				72878622167DACBA001EC5AD /* KLRandom */,
				72878625167DACBA001EC5AD /* KLScaler */,
				72878628167DACBA001EC5AD /* KLScroll */,
				7287862B167DACBA001EC5AD /* KLSort */,
				7287862E167DACBA001EC5AD /* KLUUID */,
			);
			path = Util;
			sourceTree = "<group>";
		};
		72878613167DACBA001EC5AD /* c_extern */ = {
			isa = PBXGroup;
			children = (
				72878614167DACBA001EC5AD /* c_extern.h */,
				72878615167DACBA001EC5AD /* c_extern_close.h */,
			);
			path = c_extern;
			sourceTree = "<group>";
		};
		72878616167DACBA001EC5AD /* KLBench */ = {
			isa = PBXGroup;
			children = (
				72878617167DACBA001EC5AD /* KLBench.c */,
				72878618167DACBA001EC5AD /* KLBench.h */,
			);
			path = KLBench;
			sourceTree = "<group>";
		};
		72878619167DACBA001EC5AD /* KLHit */ = {
			isa = PBXGroup;
			children = (
				7287861A167DACBA001EC5AD /* KLHit.c */,
				7287861B167DACBA001EC5AD /* KLHit.h */,
			);
			path = KLHit;
			sourceTree = "<group>";
		};
		7287861C167DACBA001EC5AD /* KLMath */ = {
			isa = PBXGroup;
			children = (
				7287861D167DACBA001EC5AD /* KLMath.c */,
				7287861E167DACBA001EC5AD /* KLMath.h */,
			);
			path = KLMath;
			sourceTree = "<group>";
		};
		7287861F167DACBA001EC5AD /* KLMover */ = {
			isa = PBXGroup;
			children = (
				72878620167DACBA001EC5AD /* KLMover.c */,
				72878621167DACBA001EC5AD /* KLMover.h */,
			);
			path = KLMover;
			sourceTree = "<group>";
		};
		72878622167DACBA001EC5AD /* KLRandom */ = {
			isa = PBXGroup;
			children = (
				72878623167DACBA001EC5AD /* KLRandom.c */,
				72878624167DACBA001EC5AD /* KLRandom.h */,
			);
			path = KLRandom;
			sourceTree = "<group>";
		};
		72878625167DACBA001EC5AD /* KLScaler */ = {
			isa = PBXGroup;
			children = (
				72878626167DACBA001EC5AD /* KLScaler.c */,
				72878627167DACBA001EC5AD /* KLScaler.h */,
			);
			path = KLScaler;
			sourceTree = "<group>";
		};
		72878628167DACBA001EC5AD /* KLScroll */ = {
			isa = PBXGroup;
			children = (
				72878629167DACBA001EC5AD /* KLScroll.c */,
				7287862A167DACBA001EC5AD /* KLScroll.h */,
			);
			path = KLScroll;
			sourceTree = "<group>";
		};
		7287862B167DACBA001EC5AD /* KLSort */ = {
			isa = PBXGroup;
			children = (
				7287862C167DACBA001EC5AD /* KLSort.c */,
				7287862D167DACBA001EC5AD /* KLSort.h */,
			);
			path = KLSort;
			sourceTree = "<group>";
		};
		7287862E167DACBA001EC5AD /* KLUUID */ = {
			isa = PBXGroup;
			children = (
				7287862F167DACBA001EC5AD /* KLUUID.c */,
				72878630167DACBA001EC5AD /* KLUUID.h */,
			);
			path = KLUUID;
			sourceTree = "<group>";
		};
/* End PBXGroup section */

/* Begin PBXNativeTarget section */
		72878571167DA24E001EC5AD /* KLibSample */ = {
			isa = PBXNativeTarget;
			buildConfigurationList = 7287859E167DA24F001EC5AD /* Build configuration list for PBXNativeTarget "KLibSample" */;
			buildPhases = (
				7287856E167DA24E001EC5AD /* Sources */,
				7287856F167DA24E001EC5AD /* Frameworks */,
				72878570167DA24E001EC5AD /* Resources */,
			);
			buildRules = (
			);
			dependencies = (
			);
			name = KLibSample;
			productName = KLibSample;
			productReference = 72878572167DA24E001EC5AD /* KLibSample.app */;
			productType = "com.apple.product-type.application";
		};
/* End PBXNativeTarget section */

/* Begin PBXProject section */
		72878569167DA24E001EC5AD /* Project object */ = {
			isa = PBXProject;
			attributes = {
				LastUpgradeCheck = 0450;
				ORGANIZATIONNAME = "Keita Nakazawa";
			};
			buildConfigurationList = 7287856C167DA24E001EC5AD /* Build configuration list for PBXProject "KLibSample" */;
			compatibilityVersion = "Xcode 3.2";
			developmentRegion = English;
			hasScannedForEncodings = 0;
			knownRegions = (
				en,
			);
			mainGroup = 72878567167DA24E001EC5AD;
			productRefGroup = 72878573167DA24E001EC5AD /* Products */;
			projectDirPath = "";
			projectRoot = "";
			targets = (
				72878571167DA24E001EC5AD /* KLibSample */,
			);
		};
/* End PBXProject section */

/* Begin PBXResourcesBuildPhase section */
		72878570167DA24E001EC5AD /* Resources */ = {
			isa = PBXResourcesBuildPhase;
			buildActionMask = 2147483647;
			files = (
				72878585167DA24E001EC5AD /* InfoPlist.strings in Resources */,
				7287858D167DA24E001EC5AD /* Default.png in Resources */,
				7287858F167DA24F001EC5AD /* Default@2x.png in Resources */,
				72878591167DA24F001EC5AD /* Default-568h@2x.png in Resources */,
				72878641167DACBA001EC5AD /* KLSLdefault.fc in Resources */,
				72878642167DACBA001EC5AD /* KLSLdefault.vc in Resources */,
				7287865A167DACBA001EC5AD /* README.md in Resources */,
				722D2AED1681A3BE001F9465 /* example.bmp in Resources */,
				722D2AEE1681A3BE001F9465 /* example.gif in Resources */,
				722D2AEF1681A3BE001F9465 /* example.jpg in Resources */,
				722D2AF01681A3BE001F9465 /* example.png in Resources */,
				722D2AF11681A3BE001F9465 /* klib.png in Resources */,
				722D2AF21681A3BE001F9465 /* powerup10.mp3 in Resources */,
				722D2AF31681A3BE001F9465 /* tm2r_bom27_a.wav in Resources */,
				722D2AF91681DEC3001F9465 /* bgm_maoudamashii_cyber07.mp3 in Resources */,
			);
			runOnlyForDeploymentPostprocessing = 0;
		};
/* End PBXResourcesBuildPhase section */

/* Begin PBXSourcesBuildPhase section */
		7287856E167DA24E001EC5AD /* Sources */ = {
			isa = PBXSourcesBuildPhase;
			buildActionMask = 2147483647;
			files = (
				722D2B0216821DA2001F9465 /* TouchExample.c in Sources */,
				722D2AFF16821603001F9465 /* DeviceExample.c in Sources */,
				722D2AFC1681EC9B001F9465 /* ObjContainerExample.c in Sources */,
				722D2AF61681C866001F9465 /* SoundExample.c in Sources */,
				722D2AE316819F04001F9465 /* FirstScene.c in Sources */,
				722D2AE216819EFD001F9465 /* KLLogo.c in Sources */,
				722D2ADD16817FED001F9465 /* FontAndLabelExample.c in Sources */,
				722D2AD01680C729001F9465 /* SpriteExample.c in Sources */,
				72878587167DA24E001EC5AD /* main.m in Sources */,
				7287858B167DA24E001EC5AD /* AppDelegate.m in Sources */,
				72878598167DA24F001EC5AD /* ViewController.m in Sources */,
				72878635167DACBA001EC5AD /* KLibDelegate.m in Sources */,
				72878636167DACBA001EC5AD /* KLDevice.c in Sources */,
				72878637167DACBA001EC5AD /* KLTouch.c in Sources */,
				72878638167DACBA001EC5AD /* KLDrawQueue.c in Sources */,
				72878639167DACBA001EC5AD /* KLFont.c in Sources */,
				7287863A167DACBA001EC5AD /* KLibView.m in Sources */,
				7287863B167DACBA001EC5AD /* KLLabel.c in Sources */,
				7287863C167DACBA001EC5AD /* KLMatrix.c in Sources */,
				7287863D167DACBA001EC5AD /* KLScreen.c in Sources */,
				7287863E167DACBA001EC5AD /* KLGL.c in Sources */,
				7287863F167DACBA001EC5AD /* KLSprite.c in Sources */,
				72878640167DACBA001EC5AD /* KLTexture.c in Sources */,
				72878643167DACBA001EC5AD /* KLFile.m in Sources */,
				72878644167DACBA001EC5AD /* KLGameCenterDelegate.m in Sources */,
				72878645167DACBA001EC5AD /* KLInAppPurchase.m in Sources */,
				72878646167DACBA001EC5AD /* KLib.c in Sources */,
				72878647167DACBA001EC5AD /* KLList.c in Sources */,
				72878648167DACBA001EC5AD /* KLBlock.c in Sources */,
				72878649167DACBA001EC5AD /* KLHeapDebug.c in Sources */,
				7287864A167DACBA001EC5AD /* KLNetwork.c in Sources */,
				7287864B167DACBA001EC5AD /* KLContainer.c in Sources */,
				7287864C167DACBA001EC5AD /* KLObj.c in Sources */,
				7287864D167DACBA001EC5AD /* KLScene.c in Sources */,
				7287864E167DACBA001EC5AD /* KLAL.c in Sources */,
				7287864F167DACBA001EC5AD /* KLRecorder.c in Sources */,
				72878650167DACBA001EC5AD /* KLString.c in Sources */,
				72878656167DACBA001EC5AD /* LKKeychain.m in Sources */,
				7287865B167DACBA001EC5AD /* stb_image.c in Sources */,
				7287865C167DACBA001EC5AD /* KLBench.c in Sources */,
				7287865D167DACBA001EC5AD /* KLHit.c in Sources */,
				7287865E167DACBA001EC5AD /* KLMath.c in Sources */,
				7287865F167DACBA001EC5AD /* KLMover.c in Sources */,
				72878660167DACBA001EC5AD /* KLRandom.c in Sources */,
				72878661167DACBA001EC5AD /* KLScaler.c in Sources */,
				72878662167DACBA001EC5AD /* KLScroll.c in Sources */,
				72878663167DACBA001EC5AD /* KLSort.c in Sources */,
				72878664167DACBA001EC5AD /* KLUUID.c in Sources */,
				722D2AC816807BE2001F9465 /* PrimitiveExample.c in Sources */,
			);
			runOnlyForDeploymentPostprocessing = 0;
		};
/* End PBXSourcesBuildPhase section */

/* Begin PBXVariantGroup section */
		72878583167DA24E001EC5AD /* InfoPlist.strings */ = {
			isa = PBXVariantGroup;
			children = (
				72878584167DA24E001EC5AD /* en */,
			);
			name = InfoPlist.strings;
			sourceTree = "<group>";
		};
/* End PBXVariantGroup section */

/* Begin XCBuildConfiguration section */
		7287859C167DA24F001EC5AD /* Debug */ = {
			isa = XCBuildConfiguration;
			buildSettings = {
				ALWAYS_SEARCH_USER_PATHS = NO;
				CLANG_CXX_LANGUAGE_STANDARD = "gnu++0x";
				CLANG_CXX_LIBRARY = "libc++";
				CLANG_WARN_EMPTY_BODY = YES;
				CLANG_WARN__DUPLICATE_METHOD_MATCH = YES;
				"CODE_SIGN_IDENTITY[sdk=iphoneos*]" = "iPhone Developer";
				COPY_PHASE_STRIP = NO;
				GCC_C_LANGUAGE_STANDARD = gnu99;
				GCC_DYNAMIC_NO_PIC = NO;
				GCC_OPTIMIZATION_LEVEL = 0;
				GCC_PREPROCESSOR_DEFINITIONS = (
					"DEBUG=1",
					"$(inherited)",
				);
				GCC_SYMBOLS_PRIVATE_EXTERN = NO;
				GCC_WARN_ABOUT_RETURN_TYPE = YES;
				GCC_WARN_UNINITIALIZED_AUTOS = YES;
				GCC_WARN_UNUSED_VARIABLE = YES;
				IPHONEOS_DEPLOYMENT_TARGET = 6.0;
				ONLY_ACTIVE_ARCH = YES;
				SDKROOT = iphoneos;
			};
			name = Debug;
		};
		7287859D167DA24F001EC5AD /* Release */ = {
			isa = XCBuildConfiguration;
			buildSettings = {
				ALWAYS_SEARCH_USER_PATHS = NO;
				CLANG_CXX_LANGUAGE_STANDARD = "gnu++0x";
				CLANG_CXX_LIBRARY = "libc++";
				CLANG_WARN_EMPTY_BODY = YES;
				CLANG_WARN__DUPLICATE_METHOD_MATCH = YES;
				"CODE_SIGN_IDENTITY[sdk=iphoneos*]" = "iPhone Developer";
				COPY_PHASE_STRIP = YES;
				GCC_C_LANGUAGE_STANDARD = gnu99;
				GCC_WARN_ABOUT_RETURN_TYPE = YES;
				GCC_WARN_UNINITIALIZED_AUTOS = YES;
				GCC_WARN_UNUSED_VARIABLE = YES;
				IPHONEOS_DEPLOYMENT_TARGET = 6.0;
				OTHER_CFLAGS = "-DNS_BLOCK_ASSERTIONS=1";
				SDKROOT = iphoneos;
				VALIDATE_PRODUCT = YES;
			};
			name = Release;
		};
		7287859F167DA24F001EC5AD /* Debug */ = {
			isa = XCBuildConfiguration;
			buildSettings = {
				"CODE_SIGN_IDENTITY[sdk=iphoneos*]" = "";
				GCC_PRECOMPILE_PREFIX_HEADER = YES;
				GCC_PREFIX_HEADER = "KLibSample/KLibSample-Prefix.pch";
				INFOPLIST_FILE = "KLibSample/KLibSample-Info.plist";
				PRODUCT_NAME = "$(TARGET_NAME)";
				WRAPPER_EXTENSION = app;
			};
			name = Debug;
		};
		728785A0167DA24F001EC5AD /* Release */ = {
			isa = XCBuildConfiguration;
			buildSettings = {
				"CODE_SIGN_IDENTITY[sdk=iphoneos*]" = "";
				GCC_PRECOMPILE_PREFIX_HEADER = YES;
				GCC_PREFIX_HEADER = "KLibSample/KLibSample-Prefix.pch";
				INFOPLIST_FILE = "KLibSample/KLibSample-Info.plist";
				PRODUCT_NAME = "$(TARGET_NAME)";
				WRAPPER_EXTENSION = app;
			};
			name = Release;
		};
/* End XCBuildConfiguration section */

/* Begin XCConfigurationList section */
		7287856C167DA24E001EC5AD /* Build configuration list for PBXProject "KLibSample" */ = {
			isa = XCConfigurationList;
			buildConfigurations = (
				7287859C167DA24F001EC5AD /* Debug */,
				7287859D167DA24F001EC5AD /* Release */,
			);
			defaultConfigurationIsVisible = 0;
			defaultConfigurationName = Release;
		};
		7287859E167DA24F001EC5AD /* Build configuration list for PBXNativeTarget "KLibSample" */ = {
			isa = XCConfigurationList;
			buildConfigurations = (
				7287859F167DA24F001EC5AD /* Debug */,
				728785A0167DA24F001EC5AD /* Release */,
			);
			defaultConfigurationIsVisible = 0;
			defaultConfigurationName = Release;
		};
/* End XCConfigurationList section */
	};
	rootObject = 72878569167DA24E001EC5AD /* Project object */;
}
